
Microsoft Visual Studio Solution File, Format Version 12.00
# Visual Studio 14
VisualStudioVersion = 14.0.25420.1
MinimumVisualStudioVersion = 10.0.40219.1
Project("{FAE04EC0-301F-11D3-BF4B-00C04F79EFBC}") = "AzureServiceSample", "Blobstorage\AzureServiceSample.csproj", "{283A528D-73EB-4DEA-BD1E-D15895134DDF}"
EndProject
Global
	GlobalSection(SolutionConfigurationPlatforms) = preSolution
		Debug|Any CPU = Debug|Any CPU
		Release|Any CPU = Release|Any CPU
	EndGlobalSection
	GlobalSection(ProjectConfigurationPlatforms) = postSolution
		{283A528D-73EB-4DEA-BD1E-D15895134DDF}.Debug|Any CPU.ActiveCfg = Debug|Any CPU
		{283A528D-73EB-4DEA-BD1E-D15895134DDF}.Debug|Any CPU.Build.0 = Debug|Any CPU
		{283A528D-73EB-4DEA-BD1E-D15895134DDF}.Release|Any CPU.ActiveCfg = Release|Any CPU
		{283A528D-73EB-4DEA-BD1E-D15895134DDF}.Release|Any CPU.Build.0 = Release|Any CPU
	EndGlobalSection
	GlobalSection(SolutionProperties) = preSolution
		HideSolutionNode = FALSE
	EndGlobalSection
	GlobalSection(ExtensibilityGlobals) = postSolution
		SolutionGuid = {AACF62C5-DD98-4549-831C-1D57F614680C}
	EndGlobalSection
EndGlobal
